
Microsoft Visual Studio Solution File, Format Version 12.00
# Visual Studio Version 16
VisualStudioVersion = 16.0.30320.27
MinimumVisualStudioVersion = 10.0.40219.1
Project("{FAE04EC0-301F-11D3-BF4B-00C04F79EFBC}") = "Pinfluencer.SocialWrangler.UI.Bootstrapper", "Pinfluencer.SocialWrangler.UI.Bootstrapper\Pinfluencer.SocialWrangler.UI.Bootstrapper.csproj", "{AFAC5A6A-CF27-4AB6-A386-54E9F4191174}"
EndProject
Project("{FAE04EC0-301F-11D3-BF4B-00C04F79EFBC}") = "Pinfluencer.SocialWrangler.Core", "Pinfluencer.SocialWrangler.Core\Pinfluencer.SocialWrangler.Core.csproj", "{A01366EB-C955-411A-9ECC-D956A0AE8901}"
EndProject
Project("{FAE04EC0-301F-11D3-BF4B-00C04F79EFBC}") = "Pinfluencer.SocialWrangler.Crosscutting.DIModule", "Pinfluencer.SocialWrangler.Crosscutting.DIModule\Pinfluencer.SocialWrangler.Crosscutting.DIModule.csproj", "{31CBDC7B-7D0E-4CA3-9E41-AFE4BAB85884}"
EndProject
Project("{FAE04EC0-301F-11D3-BF4B-00C04F79EFBC}") = "Pinfluencer.SocialWrangler.UI.DIModule", "Pinfluencer.SocialWrangler.UI.DIModule\Pinfluencer.SocialWrangler.UI.DIModule.csproj", "{6D21F415-CAB2-45F8-9CD6-4310BC1CD697}"
EndProject
Global
	GlobalSection(SolutionConfigurationPlatforms) = preSolution
		Debug|Any CPU = Debug|Any CPU
		Release|Any CPU = Release|Any CPU
	EndGlobalSection
	GlobalSection(ProjectConfigurationPlatforms) = postSolution
		{AFAC5A6A-CF27-4AB6-A386-54E9F4191174}.Debug|Any CPU.ActiveCfg = Debug|Any CPU
		{AFAC5A6A-CF27-4AB6-A386-54E9F4191174}.Debug|Any CPU.Build.0 = Debug|Any CPU
		{AFAC5A6A-CF27-4AB6-A386-54E9F4191174}.Release|Any CPU.ActiveCfg = Release|Any CPU
		{AFAC5A6A-CF27-4AB6-A386-54E9F4191174}.Release|Any CPU.Build.0 = Release|Any CPU
		{A01366EB-C955-411A-9ECC-D956A0AE8901}.Debug|Any CPU.ActiveCfg = Debug|Any CPU
		{A01366EB-C955-411A-9ECC-D956A0AE8901}.Debug|Any CPU.Build.0 = Debug|Any CPU
		{A01366EB-C955-411A-9ECC-D956A0AE8901}.Release|Any CPU.ActiveCfg = Release|Any CPU
		{A01366EB-C955-411A-9ECC-D956A0AE8901}.Release|Any CPU.Build.0 = Release|Any CPU
		{31CBDC7B-7D0E-4CA3-9E41-AFE4BAB85884}.Debug|Any CPU.ActiveCfg = Debug|Any CPU
		{31CBDC7B-7D0E-4CA3-9E41-AFE4BAB85884}.Debug|Any CPU.Build.0 = Debug|Any CPU
		{31CBDC7B-7D0E-4CA3-9E41-AFE4BAB85884}.Release|Any CPU.ActiveCfg = Release|Any CPU
		{31CBDC7B-7D0E-4CA3-9E41-AFE4BAB85884}.Release|Any CPU.Build.0 = Release|Any CPU
		{6D21F415-CAB2-45F8-9CD6-4310BC1CD697}.Debug|Any CPU.ActiveCfg = Debug|Any CPU
		{6D21F415-CAB2-45F8-9CD6-4310BC1CD697}.Debug|Any CPU.Build.0 = Debug|Any CPU
		{6D21F415-CAB2-45F8-9CD6-4310BC1CD697}.Release|Any CPU.ActiveCfg = Release|Any CPU
		{6D21F415-CAB2-45F8-9CD6-4310BC1CD697}.Release|Any CPU.Build.0 = Release|Any CPU
	EndGlobalSection
	GlobalSection(SolutionProperties) = preSolution
		HideSolutionNode = FALSE
	EndGlobalSection
	GlobalSection(ExtensibilityGlobals) = postSolution
		SolutionGuid = {A1F83F05-AACA-44B1-9786-23A5B20BC7AF}
	EndGlobalSection
EndGlobal
