
Microsoft Visual Studio Solution File, Format Version 12.00
Project("{2150E333-8FDC-42A3-9474-1A3956D46DE8}") = "BuisnessLogicLayer", "BuisnessLogicLayer", "{B150C758-B7DB-4C49-A41C-E7A6BF949BD5}"
EndProject
Project("{FAE04EC0-301F-11D3-BF4B-00C04F79EFBC}") = "Pinf.InstaService.BLL.InstagramFetcher", "Pinf.InstaService.BLL.InstagramFetcher\Pinf.InstaService.BLL.InstagramFetcher.csproj", "{035B5433-6EC2-44D1-BF14-27E52B787BAE}"
EndProject
Project("{2150E333-8FDC-42A3-9474-1A3956D46DE8}") = "DataAccessLayer", "DataAccessLayer", "{260916F1-A6E4-45F1-ADC6-5A3CFA779C38}"
EndProject
Project("{FAE04EC0-301F-11D3-BF4B-00C04F79EFBC}") = "Pinf.InstaService.DAL.Instagram", "Pinf.InstaService.DAL.Instagram\Pinf.InstaService.DAL.Instagram.csproj", "{5A791CB2-B712-4ED4-9B93-71BB264BE6AB}"
EndProject
Project("{FAE04EC0-301F-11D3-BF4B-00C04F79EFBC}") = "Pinf.InstaService.DAL.UserManagement", "Pinf.InstaService.DAL.UserManagement\Pinf.InstaService.DAL.UserManagement.csproj", "{E15A4743-56B4-4A62-B496-4D7AF0B16D75}"
EndProject
Project("{FAE04EC0-301F-11D3-BF4B-00C04F79EFBC}") = "Pinf.InstaService.Local.Sandbox", "Pinf.InstaService.Local.Sandbox\Pinf.InstaService.Local.Sandbox.csproj", "{7E7463C9-31E1-47FC-A446-6BEFEB9F3489}"
EndProject
Project("{FAE04EC0-301F-11D3-BF4B-00C04F79EFBC}") = "Pinf.InstaService.Core", "Pinf.InstaService.Core\Pinf.InstaService.Core.csproj", "{F24208BB-AF91-412A-9DE2-1F6CF6E35A4A}"
EndProject
Project("{2150E333-8FDC-42A3-9474-1A3956D46DE8}") = "Tests", "Tests", "{FF419C49-47C7-4780-A669-D8EBC3E9C61D}"
EndProject
Project("{FAE04EC0-301F-11D3-BF4B-00C04F79EFBC}") = "Pinf.InstaService.Tests.Unit.BLL", "Pinf.InstaService.Tests.Unit.BLL\Pinf.InstaService.Tests.Unit.BLL.csproj", "{8AE3340C-6021-4E1E-8F0A-5CDDA6EE198C}"
EndProject
Project("{2150E333-8FDC-42A3-9474-1A3956D46DE8}") = "Crosscutting", "Crosscutting", "{A314F08B-12DF-4C23-AE06-8F238FE89CF8}"
EndProject
Project("{FAE04EC0-301F-11D3-BF4B-00C04F79EFBC}") = "Pinf.InstaService.Crosscutting.NUnit.Extensions", "Pinf.InstaService.Crosscutting.NUnit.Extensions\Pinf.InstaService.Crosscutting.NUnit.Extensions.csproj", "{92E85CAF-7ADA-460E-8BD5-14A4E54657BB}"
EndProject
Project("{FAE04EC0-301F-11D3-BF4B-00C04F79EFBC}") = "Pinf.InstaService.Crosscutting.CodeContracts", "Pinf.InstaService.Crosscutting.CodeContracts\Pinf.InstaService.Crosscutting.CodeContracts.csproj", "{294A47C9-75D6-4B87-86EF-DEE8A0FB2685}"
EndProject
Project("{FAE04EC0-301F-11D3-BF4B-00C04F79EFBC}") = "Pinf.InstaService.Tests.Unit.DAL", "Pinf.InstaService.Tests.Unit.DAL\Pinf.InstaService.Tests.Unit.DAL.csproj", "{2D689E57-D5A4-463C-909F-CF9080571D75}"
EndProject
Project("{2150E333-8FDC-42A3-9474-1A3956D46DE8}") = "WebApiLayer", "WebApiLayer", "{815CA000-397D-4CE0-A5E9-A54845C9752F}"
EndProject
Project("{FAE04EC0-301F-11D3-BF4B-00C04F79EFBC}") = "Pinf.InstaService.API.InstaFetcher", "Pinf.InstaService.API.InstaFetcher\Pinf.InstaService.API.InstaFetcher.csproj", "{4C583762-FD97-4C72-8C4F-C268C290E2DD}"
EndProject
Project("{FAE04EC0-301F-11D3-BF4B-00C04F79EFBC}") = "Pinf.InstaService.Tests.Unit.API", "Pinf.InstaService.Tests.Unit.API\Pinf.InstaService.Tests.Unit.API.csproj", "{4048B7F8-70D6-49AC-9C60-BD209A047762}"
EndProject
Project("{FAE04EC0-301F-11D3-BF4B-00C04F79EFBC}") = "Pinf.InstaService.Crosscutting.Web", "Pinf.InstaService.Crosscutting.Web\Pinf.InstaService.Crosscutting.Web.csproj", "{3D6C73F8-3539-4EC6-BBF4-77FF28195FCA}"
EndProject
Global
	GlobalSection(SolutionConfigurationPlatforms) = preSolution
		Debug|Any CPU = Debug|Any CPU
		Release|Any CPU = Release|Any CPU
	EndGlobalSection
	GlobalSection(NestedProjects) = preSolution
		{035B5433-6EC2-44D1-BF14-27E52B787BAE} = {B150C758-B7DB-4C49-A41C-E7A6BF949BD5}
		{5A791CB2-B712-4ED4-9B93-71BB264BE6AB} = {260916F1-A6E4-45F1-ADC6-5A3CFA779C38}
		{E15A4743-56B4-4A62-B496-4D7AF0B16D75} = {260916F1-A6E4-45F1-ADC6-5A3CFA779C38}
		{8AE3340C-6021-4E1E-8F0A-5CDDA6EE198C} = {FF419C49-47C7-4780-A669-D8EBC3E9C61D}
		{92E85CAF-7ADA-460E-8BD5-14A4E54657BB} = {A314F08B-12DF-4C23-AE06-8F238FE89CF8}
		{294A47C9-75D6-4B87-86EF-DEE8A0FB2685} = {A314F08B-12DF-4C23-AE06-8F238FE89CF8}
		{2D689E57-D5A4-463C-909F-CF9080571D75} = {FF419C49-47C7-4780-A669-D8EBC3E9C61D}
		{4C583762-FD97-4C72-8C4F-C268C290E2DD} = {815CA000-397D-4CE0-A5E9-A54845C9752F}
		{4048B7F8-70D6-49AC-9C60-BD209A047762} = {FF419C49-47C7-4780-A669-D8EBC3E9C61D}
		{F24208BB-AF91-412A-9DE2-1F6CF6E35A4A} = {A314F08B-12DF-4C23-AE06-8F238FE89CF8}
		{3D6C73F8-3539-4EC6-BBF4-77FF28195FCA} = {A314F08B-12DF-4C23-AE06-8F238FE89CF8}
	EndGlobalSection
	GlobalSection(ProjectConfigurationPlatforms) = postSolution
		{035B5433-6EC2-44D1-BF14-27E52B787BAE}.Debug|Any CPU.ActiveCfg = Debug|Any CPU
		{035B5433-6EC2-44D1-BF14-27E52B787BAE}.Debug|Any CPU.Build.0 = Debug|Any CPU
		{035B5433-6EC2-44D1-BF14-27E52B787BAE}.Release|Any CPU.ActiveCfg = Release|Any CPU
		{035B5433-6EC2-44D1-BF14-27E52B787BAE}.Release|Any CPU.Build.0 = Release|Any CPU
		{5A791CB2-B712-4ED4-9B93-71BB264BE6AB}.Debug|Any CPU.ActiveCfg = Debug|Any CPU
		{5A791CB2-B712-4ED4-9B93-71BB264BE6AB}.Debug|Any CPU.Build.0 = Debug|Any CPU
		{5A791CB2-B712-4ED4-9B93-71BB264BE6AB}.Release|Any CPU.ActiveCfg = Release|Any CPU
		{5A791CB2-B712-4ED4-9B93-71BB264BE6AB}.Release|Any CPU.Build.0 = Release|Any CPU
		{E15A4743-56B4-4A62-B496-4D7AF0B16D75}.Debug|Any CPU.ActiveCfg = Debug|Any CPU
		{E15A4743-56B4-4A62-B496-4D7AF0B16D75}.Debug|Any CPU.Build.0 = Debug|Any CPU
		{E15A4743-56B4-4A62-B496-4D7AF0B16D75}.Release|Any CPU.ActiveCfg = Release|Any CPU
		{E15A4743-56B4-4A62-B496-4D7AF0B16D75}.Release|Any CPU.Build.0 = Release|Any CPU
		{7E7463C9-31E1-47FC-A446-6BEFEB9F3489}.Debug|Any CPU.ActiveCfg = Debug|Any CPU
		{7E7463C9-31E1-47FC-A446-6BEFEB9F3489}.Debug|Any CPU.Build.0 = Debug|Any CPU
		{7E7463C9-31E1-47FC-A446-6BEFEB9F3489}.Release|Any CPU.ActiveCfg = Release|Any CPU
		{7E7463C9-31E1-47FC-A446-6BEFEB9F3489}.Release|Any CPU.Build.0 = Release|Any CPU
		{F24208BB-AF91-412A-9DE2-1F6CF6E35A4A}.Debug|Any CPU.ActiveCfg = Debug|Any CPU
		{F24208BB-AF91-412A-9DE2-1F6CF6E35A4A}.Debug|Any CPU.Build.0 = Debug|Any CPU
		{F24208BB-AF91-412A-9DE2-1F6CF6E35A4A}.Release|Any CPU.ActiveCfg = Release|Any CPU
		{F24208BB-AF91-412A-9DE2-1F6CF6E35A4A}.Release|Any CPU.Build.0 = Release|Any CPU
		{8AE3340C-6021-4E1E-8F0A-5CDDA6EE198C}.Debug|Any CPU.ActiveCfg = Debug|Any CPU
		{8AE3340C-6021-4E1E-8F0A-5CDDA6EE198C}.Debug|Any CPU.Build.0 = Debug|Any CPU
		{8AE3340C-6021-4E1E-8F0A-5CDDA6EE198C}.Release|Any CPU.ActiveCfg = Release|Any CPU
		{8AE3340C-6021-4E1E-8F0A-5CDDA6EE198C}.Release|Any CPU.Build.0 = Release|Any CPU
		{92E85CAF-7ADA-460E-8BD5-14A4E54657BB}.Debug|Any CPU.ActiveCfg = Debug|Any CPU
		{92E85CAF-7ADA-460E-8BD5-14A4E54657BB}.Debug|Any CPU.Build.0 = Debug|Any CPU
		{92E85CAF-7ADA-460E-8BD5-14A4E54657BB}.Release|Any CPU.ActiveCfg = Release|Any CPU
		{92E85CAF-7ADA-460E-8BD5-14A4E54657BB}.Release|Any CPU.Build.0 = Release|Any CPU
		{294A47C9-75D6-4B87-86EF-DEE8A0FB2685}.Debug|Any CPU.ActiveCfg = Debug|Any CPU
		{294A47C9-75D6-4B87-86EF-DEE8A0FB2685}.Debug|Any CPU.Build.0 = Debug|Any CPU
		{294A47C9-75D6-4B87-86EF-DEE8A0FB2685}.Release|Any CPU.ActiveCfg = Release|Any CPU
		{294A47C9-75D6-4B87-86EF-DEE8A0FB2685}.Release|Any CPU.Build.0 = Release|Any CPU
		{2D689E57-D5A4-463C-909F-CF9080571D75}.Debug|Any CPU.ActiveCfg = Debug|Any CPU
		{2D689E57-D5A4-463C-909F-CF9080571D75}.Debug|Any CPU.Build.0 = Debug|Any CPU
		{2D689E57-D5A4-463C-909F-CF9080571D75}.Release|Any CPU.ActiveCfg = Release|Any CPU
		{2D689E57-D5A4-463C-909F-CF9080571D75}.Release|Any CPU.Build.0 = Release|Any CPU
		{4C583762-FD97-4C72-8C4F-C268C290E2DD}.Debug|Any CPU.ActiveCfg = Debug|Any CPU
		{4C583762-FD97-4C72-8C4F-C268C290E2DD}.Debug|Any CPU.Build.0 = Debug|Any CPU
		{4C583762-FD97-4C72-8C4F-C268C290E2DD}.Release|Any CPU.ActiveCfg = Release|Any CPU
		{4C583762-FD97-4C72-8C4F-C268C290E2DD}.Release|Any CPU.Build.0 = Release|Any CPU
		{4048B7F8-70D6-49AC-9C60-BD209A047762}.Debug|Any CPU.ActiveCfg = Debug|Any CPU
		{4048B7F8-70D6-49AC-9C60-BD209A047762}.Debug|Any CPU.Build.0 = Debug|Any CPU
		{4048B7F8-70D6-49AC-9C60-BD209A047762}.Release|Any CPU.ActiveCfg = Release|Any CPU
		{4048B7F8-70D6-49AC-9C60-BD209A047762}.Release|Any CPU.Build.0 = Release|Any CPU
		{3D6C73F8-3539-4EC6-BBF4-77FF28195FCA}.Debug|Any CPU.ActiveCfg = Debug|Any CPU
		{3D6C73F8-3539-4EC6-BBF4-77FF28195FCA}.Debug|Any CPU.Build.0 = Debug|Any CPU
		{3D6C73F8-3539-4EC6-BBF4-77FF28195FCA}.Release|Any CPU.ActiveCfg = Release|Any CPU
		{3D6C73F8-3539-4EC6-BBF4-77FF28195FCA}.Release|Any CPU.Build.0 = Release|Any CPU
	EndGlobalSection
EndGlobal
